
Microsoft Visual Studio Solution File, Format Version 12.00
# Visual Studio Version 16
VisualStudioVersion = 16.0.31402.337
MinimumVisualStudioVersion = 10.0.40219.1
Project("{9A19103F-16F7-4668-BE54-9A1E7A4F7556}") = "IEC101MasterSim", "IEC101MasterSim\IEC101MasterSim.csproj", "{0679FEE9-FEA3-4B12-8CA0-854FE7FB5F14}"
EndProject
Global
	GlobalSection(SolutionConfigurationPlatforms) = preSolution
		Debug|Any CPU = Debug|Any CPU
		Debug|x86 = Debug|x86
		Release|Any CPU = Release|Any CPU
		Release|x86 = Release|x86
	EndGlobalSection
	GlobalSection(ProjectConfigurationPlatforms) = postSolution
		{0679FEE9-FEA3-4B12-8CA0-854FE7FB5F14}.Debug|Any CPU.ActiveCfg = Debug|x86
		{0679FEE9-FEA3-4B12-8CA0-854FE7FB5F14}.Debug|Any CPU.Build.0 = Debug|x86
		{0679FEE9-FEA3-4B12-8CA0-854FE7FB5F14}.Debug|x86.ActiveCfg = Debug|x86
		{0679FEE9-FEA3-4B12-8CA0-854FE7FB5F14}.Debug|x86.Build.0 = Debug|x86
		{0679FEE9-FEA3-4B12-8CA0-854FE7FB5F14}.Release|Any CPU.ActiveCfg = Release|Any CPU
		{0679FEE9-FEA3-4B12-8CA0-854FE7FB5F14}.Release|Any CPU.Build.0 = Release|Any CPU
		{0679FEE9-FEA3-4B12-8CA0-854FE7FB5F14}.Release|x86.ActiveCfg = Release|x86
		{0679FEE9-FEA3-4B12-8CA0-854FE7FB5F14}.Release|x86.Build.0 = Release|x86
	EndGlobalSection
	GlobalSection(SolutionProperties) = preSolution
		HideSolutionNode = FALSE
	EndGlobalSection
	GlobalSection(ExtensibilityGlobals) = postSolution
		SolutionGuid = {6D90B283-D1E7-489A-A1E2-873D7F6C94C5}
	EndGlobalSection
EndGlobal
